
Microsoft Visual Studio Solution File, Format Version 12.00
# Visual Studio Version 17
VisualStudioVersion = 17.7.34031.279
MinimumVisualStudioVersion = 10.0.40219.1
Project("{FAE04EC0-301F-11D3-BF4B-00C04F79EFBC}") = "experiment1", "experiment1\experiment1.csproj", "{A9F64ED5-8FA9-41A9-B6BB-F84174A2A37C}"
EndProject
Project("{FAE04EC0-301F-11D3-BF4B-00C04F79EFBC}") = "experiment2", "Experiment2\experiment2.csproj", "{406E2806-701B-4814-9500-6926712BE193}"
EndProject
Global
	GlobalSection(SolutionConfigurationPlatforms) = preSolution
		Debug|Any CPU = Debug|Any CPU
		Release|Any CPU = Release|Any CPU
	EndGlobalSection
	GlobalSection(ProjectConfigurationPlatforms) = postSolution
		{A9F64ED5-8FA9-41A9-B6BB-F84174A2A37C}.Debug|Any CPU.ActiveCfg = Debug|Any CPU
		{A9F64ED5-8FA9-41A9-B6BB-F84174A2A37C}.Debug|Any CPU.Build.0 = Debug|Any CPU
		{A9F64ED5-8FA9-41A9-B6BB-F84174A2A37C}.Release|Any CPU.ActiveCfg = Release|Any CPU
		{A9F64ED5-8FA9-41A9-B6BB-F84174A2A37C}.Release|Any CPU.Build.0 = Release|Any CPU
		{406E2806-701B-4814-9500-6926712BE193}.Debug|Any CPU.ActiveCfg = Debug|Any CPU
		{406E2806-701B-4814-9500-6926712BE193}.Debug|Any CPU.Build.0 = Debug|Any CPU
		{406E2806-701B-4814-9500-6926712BE193}.Release|Any CPU.ActiveCfg = Release|Any CPU
		{406E2806-701B-4814-9500-6926712BE193}.Release|Any CPU.Build.0 = Release|Any CPU
	EndGlobalSection
	GlobalSection(SolutionProperties) = preSolution
		HideSolutionNode = FALSE
	EndGlobalSection
	GlobalSection(ExtensibilityGlobals) = postSolution
		SolutionGuid = {8123AF51-4DAA-4800-826C-6AB3A5A207AE}
	EndGlobalSection
EndGlobal
